// !$*UTF8*$!
{
	archiveVersion = 1;
	classes = {
	};
	objectVersion = 56;
	objects = {

/* Begin PBXBuildFile section */
		692C01182A6B948E00900AEF /* SectionHeaderTableCell.swift in Sources */ = {isa = PBXBuildFile; fileRef = 692C01162A6B948E00900AEF /* SectionHeaderTableCell.swift */; };
		692C01192A6B948E00900AEF /* SectionHeaderTableCell.xib in Resources */ = {isa = PBXBuildFile; fileRef = 692C01172A6B948E00900AEF /* SectionHeaderTableCell.xib */; };
		69C38CCC2A6B720C003B3B17 /* MovieDetailsViewController.swift in Sources */ = {isa = PBXBuildFile; fileRef = 69C38CCB2A6B720C003B3B17 /* MovieDetailsViewController.swift */; };
		69DBF6892A6AC6D20092E2BE /* AppDelegate.swift in Sources */ = {isa = PBXBuildFile; fileRef = 69DBF6882A6AC6D20092E2BE /* AppDelegate.swift */; };
		69DBF68B2A6AC6D20092E2BE /* SceneDelegate.swift in Sources */ = {isa = PBXBuildFile; fileRef = 69DBF68A2A6AC6D20092E2BE /* SceneDelegate.swift */; };
		69DBF6902A6AC6D20092E2BE /* Main.storyboard in Resources */ = {isa = PBXBuildFile; fileRef = 69DBF68E2A6AC6D20092E2BE /* Main.storyboard */; };
		69DBF6922A6AC6D20092E2BE /* Assets.xcassets in Resources */ = {isa = PBXBuildFile; fileRef = 69DBF6912A6AC6D20092E2BE /* Assets.xcassets */; };
		69DBF6952A6AC6D20092E2BE /* LaunchScreen.storyboard in Resources */ = {isa = PBXBuildFile; fileRef = 69DBF6932A6AC6D20092E2BE /* LaunchScreen.storyboard */; };
		69DBF6A42A6AC7EB0092E2BE /* MoviesViewModel.swift in Sources */ = {isa = PBXBuildFile; fileRef = 69DBF69E2A6AC7EB0092E2BE /* MoviesViewModel.swift */; };
		69DBF6A52A6AC7EB0092E2BE /* MoviesModel.swift in Sources */ = {isa = PBXBuildFile; fileRef = 69DBF6A02A6AC7EB0092E2BE /* MoviesModel.swift */; };
		69DBF6A82A6AC8C20092E2BE /* MoviesSearchViewController.swift in Sources */ = {isa = PBXBuildFile; fileRef = 69DBF6A72A6AC8C20092E2BE /* MoviesSearchViewController.swift */; };
		69DBF6AA2A6ACA2F0092E2BE /* movies.json in Resources */ = {isa = PBXBuildFile; fileRef = 69DBF6A92A6ACA2F0092E2BE /* movies.json */; };
		69DBF6AC2A6AFCA00092E2BE /* Extensions.swift in Sources */ = {isa = PBXBuildFile; fileRef = 69DBF6AB2A6AFCA00092E2BE /* Extensions.swift */; };
		69DBF6AF2A6B12EC0092E2BE /* MovieTableViewCell.swift in Sources */ = {isa = PBXBuildFile; fileRef = 69DBF6AD2A6B12EC0092E2BE /* MovieTableViewCell.swift */; };
		69DBF6B02A6B12EC0092E2BE /* MovieTableViewCell.xib in Resources */ = {isa = PBXBuildFile; fileRef = 69DBF6AE2A6B12EC0092E2BE /* MovieTableViewCell.xib */; };
		69DBF6B22A6B1BFF0092E2BE /* FilteredMoviesListViewController.swift in Sources */ = {isa = PBXBuildFile; fileRef = 69DBF6B12A6B1BFF0092E2BE /* FilteredMoviesListViewController.swift */; };
		B3556A216D9334BC62262A16 /* Pods_Cricbuzz_Assignment_GouravRay.framework in Frameworks */ = {isa = PBXBuildFile; fileRef = 9FC2682365C05E9130945EE3 /* Pods_Cricbuzz_Assignment_GouravRay.framework */; };
/* End PBXBuildFile section */

/* Begin PBXFileReference section */
		01A8F7AD634CBBD598542B6B /* Pods-Cricbuzz_Assignment_GouravRay.release.xcconfig */ = {isa = PBXFileReference; includeInIndex = 1; lastKnownFileType = text.xcconfig; name = "Pods-Cricbuzz_Assignment_GouravRay.release.xcconfig"; path = "Target Support Files/Pods-Cricbuzz_Assignment_GouravRay/Pods-Cricbuzz_Assignment_GouravRay.release.xcconfig"; sourceTree = "<group>"; };
		692C01162A6B948E00900AEF /* SectionHeaderTableCell.swift */ = {isa = PBXFileReference; lastKnownFileType = sourcecode.swift; path = SectionHeaderTableCell.swift; sourceTree = "<group>"; };
		692C01172A6B948E00900AEF /* SectionHeaderTableCell.xib */ = {isa = PBXFileReference; lastKnownFileType = file.xib; path = SectionHeaderTableCell.xib; sourceTree = "<group>"; };
		69C38CCB2A6B720C003B3B17 /* MovieDetailsViewController.swift */ = {isa = PBXFileReference; lastKnownFileType = sourcecode.swift; path = MovieDetailsViewController.swift; sourceTree = "<group>"; };
		69DBF6852A6AC6D20092E2BE /* Cricbuzz_Assignment_GouravRay.app */ = {isa = PBXFileReference; explicitFileType = wrapper.application; includeInIndex = 0; path = Cricbuzz_Assignment_GouravRay.app; sourceTree = BUILT_PRODUCTS_DIR; };
		69DBF6882A6AC6D20092E2BE /* AppDelegate.swift */ = {isa = PBXFileReference; lastKnownFileType = sourcecode.swift; path = AppDelegate.swift; sourceTree = "<group>"; };
		69DBF68A2A6AC6D20092E2BE /* SceneDelegate.swift */ = {isa = PBXFileReference; lastKnownFileType = sourcecode.swift; path = SceneDelegate.swift; sourceTree = "<group>"; };
		69DBF68F2A6AC6D20092E2BE /* Base */ = {isa = PBXFileReference; lastKnownFileType = file.storyboard; name = Base; path = Base.lproj/Main.storyboard; sourceTree = "<group>"; };
		69DBF6912A6AC6D20092E2BE /* Assets.xcassets */ = {isa = PBXFileReference; lastKnownFileType = folder.assetcatalog; path = Assets.xcassets; sourceTree = "<group>"; };
		69DBF6942A6AC6D20092E2BE /* Base */ = {isa = PBXFileReference; lastKnownFileType = file.storyboard; name = Base; path = Base.lproj/LaunchScreen.storyboard; sourceTree = "<group>"; };
		69DBF6962A6AC6D20092E2BE /* Info.plist */ = {isa = PBXFileReference; lastKnownFileType = text.plist.xml; path = Info.plist; sourceTree = "<group>"; };
		69DBF69E2A6AC7EB0092E2BE /* MoviesViewModel.swift */ = {isa = PBXFileReference; fileEncoding = 4; lastKnownFileType = sourcecode.swift; path = MoviesViewModel.swift; sourceTree = "<group>"; };
		69DBF6A02A6AC7EB0092E2BE /* MoviesModel.swift */ = {isa = PBXFileReference; fileEncoding = 4; lastKnownFileType = sourcecode.swift; path = MoviesModel.swift; sourceTree = "<group>"; };
		69DBF6A72A6AC8C20092E2BE /* MoviesSearchViewController.swift */ = {isa = PBXFileReference; lastKnownFileType = sourcecode.swift; path = MoviesSearchViewController.swift; sourceTree = "<group>"; };
		69DBF6A92A6ACA2F0092E2BE /* movies.json */ = {isa = PBXFileReference; fileEncoding = 4; lastKnownFileType = text.json; path = movies.json; sourceTree = "<group>"; };
		69DBF6AB2A6AFCA00092E2BE /* Extensions.swift */ = {isa = PBXFileReference; lastKnownFileType = sourcecode.swift; path = Extensions.swift; sourceTree = "<group>"; };
		69DBF6AD2A6B12EC0092E2BE /* MovieTableViewCell.swift */ = {isa = PBXFileReference; lastKnownFileType = sourcecode.swift; path = MovieTableViewCell.swift; sourceTree = "<group>"; };
		69DBF6AE2A6B12EC0092E2BE /* MovieTableViewCell.xib */ = {isa = PBXFileReference; lastKnownFileType = file.xib; path = MovieTableViewCell.xib; sourceTree = "<group>"; };
		69DBF6B12A6B1BFF0092E2BE /* FilteredMoviesListViewController.swift */ = {isa = PBXFileReference; lastKnownFileType = sourcecode.swift; path = FilteredMoviesListViewController.swift; sourceTree = "<group>"; };
		9FC2682365C05E9130945EE3 /* Pods_Cricbuzz_Assignment_GouravRay.framework */ = {isa = PBXFileReference; explicitFileType = wrapper.framework; includeInIndex = 0; path = Pods_Cricbuzz_Assignment_GouravRay.framework; sourceTree = BUILT_PRODUCTS_DIR; };
		B4D563FF9B150CC82372BFC9 /* Pods-Cricbuzz_Assignment_GouravRay.debug.xcconfig */ = {isa = PBXFileReference; includeInIndex = 1; lastKnownFileType = text.xcconfig; name = "Pods-Cricbuzz_Assignment_GouravRay.debug.xcconfig"; path = "Target Support Files/Pods-Cricbuzz_Assignment_GouravRay/Pods-Cricbuzz_Assignment_GouravRay.debug.xcconfig"; sourceTree = "<group>"; };
/* End PBXFileReference section */

/* Begin PBXFrameworksBuildPhase section */
		69DBF6822A6AC6D20092E2BE /* Frameworks */ = {
			isa = PBXFrameworksBuildPhase;
			buildActionMask = 2147483647;
			files = (
				B3556A216D9334BC62262A16 /* Pods_Cricbuzz_Assignment_GouravRay.framework in Frameworks */,
			);
			runOnlyForDeploymentPostprocessing = 0;
		};
/* End PBXFrameworksBuildPhase section */

/* Begin PBXGroup section */
		25E82F2A4B0731482A4BFC23 /* Pods */ = {
			isa = PBXGroup;
			children = (
				B4D563FF9B150CC82372BFC9 /* Pods-Cricbuzz_Assignment_GouravRay.debug.xcconfig */,
				01A8F7AD634CBBD598542B6B /* Pods-Cricbuzz_Assignment_GouravRay.release.xcconfig */,
			);
			path = Pods;
			sourceTree = "<group>";
		};
		69DBF67C2A6AC6D20092E2BE = {
			isa = PBXGroup;
			children = (
				69DBF6872A6AC6D20092E2BE /* Cricbuzz_Assignment_GouravRay */,
				69DBF6862A6AC6D20092E2BE /* Products */,
				25E82F2A4B0731482A4BFC23 /* Pods */,
				D3331DE66E00376D678C182F /* Frameworks */,
			);
			sourceTree = "<group>";
		};
		69DBF6862A6AC6D20092E2BE /* Products */ = {
			isa = PBXGroup;
			children = (
				69DBF6852A6AC6D20092E2BE /* Cricbuzz_Assignment_GouravRay.app */,
			);
			name = Products;
			sourceTree = "<group>";
		};
		69DBF6872A6AC6D20092E2BE /* Cricbuzz_Assignment_GouravRay */ = {
			isa = PBXGroup;
			children = (
				69DBF6A92A6ACA2F0092E2BE /* movies.json */,
				69DBF69C2A6AC7EB0092E2BE /* MovieDatabaseModule */,
				69DBF6882A6AC6D20092E2BE /* AppDelegate.swift */,
				69DBF68A2A6AC6D20092E2BE /* SceneDelegate.swift */,
				69DBF68E2A6AC6D20092E2BE /* Main.storyboard */,
				69DBF6912A6AC6D20092E2BE /* Assets.xcassets */,
				69DBF6932A6AC6D20092E2BE /* LaunchScreen.storyboard */,
				69DBF6962A6AC6D20092E2BE /* Info.plist */,
				69DBF6AB2A6AFCA00092E2BE /* Extensions.swift */,
			);
			path = Cricbuzz_Assignment_GouravRay;
			sourceTree = "<group>";
		};
		69DBF69C2A6AC7EB0092E2BE /* MovieDatabaseModule */ = {
			isa = PBXGroup;
			children = (
				69DBF69D2A6AC7EB0092E2BE /* ViewModel */,
				69DBF69F2A6AC7EB0092E2BE /* Model */,
				69DBF6A12A6AC7EB0092E2BE /* View */,
			);
			path = MovieDatabaseModule;
			sourceTree = "<group>";
		};
		69DBF69D2A6AC7EB0092E2BE /* ViewModel */ = {
			isa = PBXGroup;
			children = (
				69DBF69E2A6AC7EB0092E2BE /* MoviesViewModel.swift */,
			);
			path = ViewModel;
			sourceTree = "<group>";
		};
		69DBF69F2A6AC7EB0092E2BE /* Model */ = {
			isa = PBXGroup;
			children = (
				69DBF6A02A6AC7EB0092E2BE /* MoviesModel.swift */,
			);
			path = Model;
			sourceTree = "<group>";
		};
		69DBF6A12A6AC7EB0092E2BE /* View */ = {
			isa = PBXGroup;
			children = (
				69DBF6A22A6AC7EB0092E2BE /* ViewController */,
				69DBF6AD2A6B12EC0092E2BE /* MovieTableViewCell.swift */,
				69DBF6AE2A6B12EC0092E2BE /* MovieTableViewCell.xib */,
				692C01162A6B948E00900AEF /* SectionHeaderTableCell.swift */,
				692C01172A6B948E00900AEF /* SectionHeaderTableCell.xib */,
			);
			path = View;
			sourceTree = "<group>";
		};
		69DBF6A22A6AC7EB0092E2BE /* ViewController */ = {
			isa = PBXGroup;
			children = (
				69DBF6A72A6AC8C20092E2BE /* MoviesSearchViewController.swift */,
				69DBF6B12A6B1BFF0092E2BE /* FilteredMoviesListViewController.swift */,
				69C38CCB2A6B720C003B3B17 /* MovieDetailsViewController.swift */,
			);
			path = ViewController;
			sourceTree = "<group>";
		};
		D3331DE66E00376D678C182F /* Frameworks */ = {
			isa = PBXGroup;
			children = (
				9FC2682365C05E9130945EE3 /* Pods_Cricbuzz_Assignment_GouravRay.framework */,
			);
			name = Frameworks;
			sourceTree = "<group>";
		};
/* End PBXGroup section */

/* Begin PBXNativeTarget section */
		69DBF6842A6AC6D20092E2BE /* Cricbuzz_Assignment_GouravRay */ = {
			isa = PBXNativeTarget;
			buildConfigurationList = 69DBF6992A6AC6D20092E2BE /* Build configuration list for PBXNativeTarget "Cricbuzz_Assignment_GouravRay" */;
			buildPhases = (
				0F822FC51C3157B3BBA19D88 /* [CP] Check Pods Manifest.lock */,
				69DBF6812A6AC6D20092E2BE /* Sources */,
				69DBF6822A6AC6D20092E2BE /* Frameworks */,
				69DBF6832A6AC6D20092E2BE /* Resources */,
				904E6F5E69BE60F6BE51F70C /* [CP] Embed Pods Frameworks */,
			);
			buildRules = (
			);
			dependencies = (
			);
			name = Cricbuzz_Assignment_GouravRay;
			productName = Cricbuzz_Assignment_GouravRay;
			productReference = 69DBF6852A6AC6D20092E2BE /* Cricbuzz_Assignment_GouravRay.app */;
			productType = "com.apple.product-type.application";
		};
/* End PBXNativeTarget section */

/* Begin PBXProject section */
		69DBF67D2A6AC6D20092E2BE /* Project object */ = {
			isa = PBXProject;
			attributes = {
				BuildIndependentTargetsInParallel = 1;
				LastSwiftUpdateCheck = 1420;
				LastUpgradeCheck = 1420;
				TargetAttributes = {
					69DBF6842A6AC6D20092E2BE = {
						CreatedOnToolsVersion = 14.2;
					};
				};
			};
			buildConfigurationList = 69DBF6802A6AC6D20092E2BE /* Build configuration list for PBXProject "Cricbuzz_Assignment_GouravRay" */;
			compatibilityVersion = "Xcode 14.0";
			developmentRegion = en;
			hasScannedForEncodings = 0;
			knownRegions = (
				en,
				Base,
			);
			mainGroup = 69DBF67C2A6AC6D20092E2BE;
			productRefGroup = 69DBF6862A6AC6D20092E2BE /* Products */;
			projectDirPath = "";
			projectRoot = "";
			targets = (
				69DBF6842A6AC6D20092E2BE /* Cricbuzz_Assignment_GouravRay */,
			);
		};
/* End PBXProject section */

/* Begin PBXResourcesBuildPhase section */
		69DBF6832A6AC6D20092E2BE /* Resources */ = {
			isa = PBXResourcesBuildPhase;
			buildActionMask = 2147483647;
			files = (
				69DBF6952A6AC6D20092E2BE /* LaunchScreen.storyboard in Resources */,
				69DBF6B02A6B12EC0092E2BE /* MovieTableViewCell.xib in Resources */,
				69DBF6922A6AC6D20092E2BE /* Assets.xcassets in Resources */,
				692C01192A6B948E00900AEF /* SectionHeaderTableCell.xib in Resources */,
				69DBF6AA2A6ACA2F0092E2BE /* movies.json in Resources */,
				69DBF6902A6AC6D20092E2BE /* Main.storyboard in Resources */,
			);
			runOnlyForDeploymentPostprocessing = 0;
		};
/* End PBXResourcesBuildPhase section */

/* Begin PBXShellScriptBuildPhase section */
		0F822FC51C3157B3BBA19D88 /* [CP] Check Pods Manifest.lock */ = {
			isa = PBXShellScriptBuildPhase;
			buildActionMask = 2147483647;
			files = (
			);
			inputFileListPaths = (
			);
			inputPaths = (
				"${PODS_PODFILE_DIR_PATH}/Podfile.lock",
				"${PODS_ROOT}/Manifest.lock",
			);
			name = "[CP] Check Pods Manifest.lock";
			outputFileListPaths = (
			);
			outputPaths = (
				"$(DERIVED_FILE_DIR)/Pods-Cricbuzz_Assignment_GouravRay-checkManifestLockResult.txt",
			);
			runOnlyForDeploymentPostprocessing = 0;
			shellPath = /bin/sh;
			shellScript = "diff \"${PODS_PODFILE_DIR_PATH}/Podfile.lock\" \"${PODS_ROOT}/Manifest.lock\" > /dev/null\nif [ $? != 0 ] ; then\n    # print error to STDERR\n    echo \"error: The sandbox is not in sync with the Podfile.lock. Run 'pod install' or update your CocoaPods installation.\" >&2\n    exit 1\nfi\n# This output is used by Xcode 'outputs' to avoid re-running this script phase.\necho \"SUCCESS\" > \"${SCRIPT_OUTPUT_FILE_0}\"\n";
			showEnvVarsInLog = 0;
		};
		904E6F5E69BE60F6BE51F70C /* [CP] Embed Pods Frameworks */ = {
			isa = PBXShellScriptBuildPhase;
			buildActionMask = 2147483647;
			files = (
			);
			inputFileListPaths = (
				"${PODS_ROOT}/Target Support Files/Pods-Cricbuzz_Assignment_GouravRay/Pods-Cricbuzz_Assignment_GouravRay-frameworks-${CONFIGURATION}-input-files.xcfilelist",
			);
			name = "[CP] Embed Pods Frameworks";
			outputFileListPaths = (
				"${PODS_ROOT}/Target Support Files/Pods-Cricbuzz_Assignment_GouravRay/Pods-Cricbuzz_Assignment_GouravRay-frameworks-${CONFIGURATION}-output-files.xcfilelist",
			);
			runOnlyForDeploymentPostprocessing = 0;
			shellPath = /bin/sh;
			shellScript = "\"${PODS_ROOT}/Target Support Files/Pods-Cricbuzz_Assignment_GouravRay/Pods-Cricbuzz_Assignment_GouravRay-frameworks.sh\"\n";
			showEnvVarsInLog = 0;
		};
/* End PBXShellScriptBuildPhase section */

/* Begin PBXSourcesBuildPhase section */
		69DBF6812A6AC6D20092E2BE /* Sources */ = {
			isa = PBXSourcesBuildPhase;
			buildActionMask = 2147483647;
			files = (
				69DBF6A52A6AC7EB0092E2BE /* MoviesModel.swift in Sources */,
				69DBF6AC2A6AFCA00092E2BE /* Extensions.swift in Sources */,
				69C38CCC2A6B720C003B3B17 /* MovieDetailsViewController.swift in Sources */,
				69DBF6AF2A6B12EC0092E2BE /* MovieTableViewCell.swift in Sources */,
				69DBF6892A6AC6D20092E2BE /* AppDelegate.swift in Sources */,
				69DBF6A42A6AC7EB0092E2BE /* MoviesViewModel.swift in Sources */,
				69DBF6A82A6AC8C20092E2BE /* MoviesSearchViewController.swift in Sources */,
				692C01182A6B948E00900AEF /* SectionHeaderTableCell.swift in Sources */,
				69DBF6B22A6B1BFF0092E2BE /* FilteredMoviesListViewController.swift in Sources */,
				69DBF68B2A6AC6D20092E2BE /* SceneDelegate.swift in Sources */,
			);
			runOnlyForDeploymentPostprocessing = 0;
		};
/* End PBXSourcesBuildPhase section */

/* Begin PBXVariantGroup section */
		69DBF68E2A6AC6D20092E2BE /* Main.storyboard */ = {
			isa = PBXVariantGroup;
			children = (
				69DBF68F2A6AC6D20092E2BE /* Base */,
			);
			name = Main.storyboard;
			sourceTree = "<group>";
		};
		69DBF6932A6AC6D20092E2BE /* LaunchScreen.storyboard */ = {
			isa = PBXVariantGroup;
			children = (
				69DBF6942A6AC6D20092E2BE /* Base */,
			);
			name = LaunchScreen.storyboard;
			sourceTree = "<group>";
		};
/* End PBXVariantGroup section */

/* Begin XCBuildConfiguration section */
		69DBF6972A6AC6D20092E2BE /* Debug */ = {
			isa = XCBuildConfiguration;
			buildSettings = {
				ALWAYS_SEARCH_USER_PATHS = NO;
				CLANG_ANALYZER_NONNULL = YES;
				CLANG_ANALYZER_NUMBER_OBJECT_CONVERSION = YES_AGGRESSIVE;
				CLANG_CXX_LANGUAGE_STANDARD = "gnu++20";
				CLANG_ENABLE_MODULES = YES;
				CLANG_ENABLE_OBJC_ARC = YES;
				CLANG_ENABLE_OBJC_WEAK = YES;
				CLANG_WARN_BLOCK_CAPTURE_AUTORELEASING = YES;
				CLANG_WARN_BOOL_CONVERSION = YES;
				CLANG_WARN_COMMA = YES;
				CLANG_WARN_CONSTANT_CONVERSION = YES;
				CLANG_WARN_DEPRECATED_OBJC_IMPLEMENTATIONS = YES;
				CLANG_WARN_DIRECT_OBJC_ISA_USAGE = YES_ERROR;
				CLANG_WARN_DOCUMENTATION_COMMENTS = YES;
				CLANG_WARN_EMPTY_BODY = YES;
				CLANG_WARN_ENUM_CONVERSION = YES;
				CLANG_WARN_INFINITE_RECURSION = YES;
				CLANG_WARN_INT_CONVERSION = YES;
				CLANG_WARN_NON_LITERAL_NULL_CONVERSION = YES;
				CLANG_WARN_OBJC_IMPLICIT_RETAIN_SELF = YES;
				CLANG_WARN_OBJC_LITERAL_CONVERSION = YES;
				CLANG_WARN_OBJC_ROOT_CLASS = YES_ERROR;
				CLANG_WARN_QUOTED_INCLUDE_IN_FRAMEWORK_HEADER = YES;
				CLANG_WARN_RANGE_LOOP_ANALYSIS = YES;
				CLANG_WARN_STRICT_PROTOTYPES = YES;
				CLANG_WARN_SUSPICIOUS_MOVE = YES;
				CLANG_WARN_UNGUARDED_AVAILABILITY = YES_AGGRESSIVE;
				CLANG_WARN_UNREACHABLE_CODE = YES;
				CLANG_WARN__DUPLICATE_METHOD_MATCH = YES;
				COPY_PHASE_STRIP = NO;
				DEBUG_INFORMATION_FORMAT = dwarf;
				ENABLE_STRICT_OBJC_MSGSEND = YES;
				ENABLE_TESTABILITY = YES;
				GCC_C_LANGUAGE_STANDARD = gnu11;
				GCC_DYNAMIC_NO_PIC = NO;
				GCC_NO_COMMON_BLOCKS = YES;
				GCC_OPTIMIZATION_LEVEL = 0;
				GCC_PREPROCESSOR_DEFINITIONS = (
					"DEBUG=1",
					"$(inherited)",
				);
				GCC_WARN_64_TO_32_BIT_CONVERSION = YES;
				GCC_WARN_ABOUT_RETURN_TYPE = YES_ERROR;
				GCC_WARN_UNDECLARED_SELECTOR = YES;
				GCC_WARN_UNINITIALIZED_AUTOS = YES_AGGRESSIVE;
				GCC_WARN_UNUSED_FUNCTION = YES;
				GCC_WARN_UNUSED_VARIABLE = YES;
				IPHONEOS_DEPLOYMENT_TARGET = 16.2;
				MTL_ENABLE_DEBUG_INFO = INCLUDE_SOURCE;
				MTL_FAST_MATH = YES;
				ONLY_ACTIVE_ARCH = YES;
				SDKROOT = iphoneos;
				SWIFT_ACTIVE_COMPILATION_CONDITIONS = DEBUG;
				SWIFT_OPTIMIZATION_LEVEL = "-Onone";
			};
			name = Debug;
		};
		69DBF6982A6AC6D20092E2BE /* Release */ = {
			isa = XCBuildConfiguration;
			buildSettings = {
				ALWAYS_SEARCH_USER_PATHS = NO;
				CLANG_ANALYZER_NONNULL = YES;
				CLANG_ANALYZER_NUMBER_OBJECT_CONVERSION = YES_AGGRESSIVE;
				CLANG_CXX_LANGUAGE_STANDARD = "gnu++20";
				CLANG_ENABLE_MODULES = YES;
				CLANG_ENABLE_OBJC_ARC = YES;
				CLANG_ENABLE_OBJC_WEAK = YES;
				CLANG_WARN_BLOCK_CAPTURE_AUTORELEASING = YES;
				CLANG_WARN_BOOL_CONVERSION = YES;
				CLANG_WARN_COMMA = YES;
				CLANG_WARN_CONSTANT_CONVERSION = YES;
				CLANG_WARN_DEPRECATED_OBJC_IMPLEMENTATIONS = YES;
				CLANG_WARN_DIRECT_OBJC_ISA_USAGE = YES_ERROR;
				CLANG_WARN_DOCUMENTATION_COMMENTS = YES;
				CLANG_WARN_EMPTY_BODY = YES;
				CLANG_WARN_ENUM_CONVERSION = YES;
				CLANG_WARN_INFINITE_RECURSION = YES;
				CLANG_WARN_INT_CONVERSION = YES;
				CLANG_WARN_NON_LITERAL_NULL_CONVERSION = YES;
				CLANG_WARN_OBJC_IMPLICIT_RETAIN_SELF = YES;
				CLANG_WARN_OBJC_LITERAL_CONVERSION = YES;
				CLANG_WARN_OBJC_ROOT_CLASS = YES_ERROR;
				CLANG_WARN_QUOTED_INCLUDE_IN_FRAMEWORK_HEADER = YES;
				CLANG_WARN_RANGE_LOOP_ANALYSIS = YES;
				CLANG_WARN_STRICT_PROTOTYPES = YES;
				CLANG_WARN_SUSPICIOUS_MOVE = YES;
				CLANG_WARN_UNGUARDED_AVAILABILITY = YES_AGGRESSIVE;
				CLANG_WARN_UNREACHABLE_CODE = YES;
				CLANG_WARN__DUPLICATE_METHOD_MATCH = YES;
				COPY_PHASE_STRIP = NO;
				DEBUG_INFORMATION_FORMAT = "dwarf-with-dsym";
				ENABLE_NS_ASSERTIONS = NO;
				ENABLE_STRICT_OBJC_MSGSEND = YES;
				GCC_C_LANGUAGE_STANDARD = gnu11;
				GCC_NO_COMMON_BLOCKS = YES;
				GCC_WARN_64_TO_32_BIT_CONVERSION = YES;
				GCC_WARN_ABOUT_RETURN_TYPE = YES_ERROR;
				GCC_WARN_UNDECLARED_SELECTOR = YES;
				GCC_WARN_UNINITIALIZED_AUTOS = YES_AGGRESSIVE;
				GCC_WARN_UNUSED_FUNCTION = YES;
				GCC_WARN_UNUSED_VARIABLE = YES;
				IPHONEOS_DEPLOYMENT_TARGET = 16.2;
				MTL_ENABLE_DEBUG_INFO = NO;
				MTL_FAST_MATH = YES;
				SDKROOT = iphoneos;
				SWIFT_COMPILATION_MODE = wholemodule;
				SWIFT_OPTIMIZATION_LEVEL = "-O";
				VALIDATE_PRODUCT = YES;
			};
			name = Release;
		};
		69DBF69A2A6AC6D20092E2BE /* Debug */ = {
			isa = XCBuildConfiguration;
			baseConfigurationReference = B4D563FF9B150CC82372BFC9 /* Pods-Cricbuzz_Assignment_GouravRay.debug.xcconfig */;
			buildSettings = {
				ASSETCATALOG_COMPILER_APPICON_NAME = AppIcon;
				ASSETCATALOG_COMPILER_GLOBAL_ACCENT_COLOR_NAME = AccentColor;
				CODE_SIGN_STYLE = Automatic;
				CURRENT_PROJECT_VERSION = 1;
				GENERATE_INFOPLIST_FILE = YES;
				INFOPLIST_FILE = Cricbuzz_Assignment_GouravRay/Info.plist;
				INFOPLIST_KEY_CFBundleDisplayName = "Movie DB";
				INFOPLIST_KEY_UIApplicationSupportsIndirectInputEvents = YES;
				INFOPLIST_KEY_UILaunchStoryboardName = LaunchScreen;
				INFOPLIST_KEY_UIMainStoryboardFile = Main;
				INFOPLIST_KEY_UISupportedInterfaceOrientations = UIInterfaceOrientationPortrait;
				INFOPLIST_KEY_UISupportedInterfaceOrientations_iPad = "UIInterfaceOrientationLandscapeLeft UIInterfaceOrientationLandscapeRight UIInterfaceOrientationPortrait UIInterfaceOrientationPortraitUpsideDown";
				IPHONEOS_DEPLOYMENT_TARGET = 14.0;
				LD_RUNPATH_SEARCH_PATHS = (
					"$(inherited)",
					"@executable_path/Frameworks",
				);
				MARKETING_VERSION = 1.0;
				PRODUCT_BUNDLE_IDENTIFIER = "com.Cricbuzz-Assignment-GouravRay";
				PRODUCT_NAME = "$(TARGET_NAME)";
				SUPPORTED_PLATFORMS = "iphoneos iphonesimulator";
				SUPPORTS_MACCATALYST = NO;
				SUPPORTS_MAC_DESIGNED_FOR_IPHONE_IPAD = NO;
				SWIFT_EMIT_LOC_STRINGS = YES;
				SWIFT_VERSION = 5.0;
				TARGETED_DEVICE_FAMILY = 1;
			};
			name = Debug;
		};
		69DBF69B2A6AC6D20092E2BE /* Release */ = {
			isa = XCBuildConfiguration;
			baseConfigurationReference = 01A8F7AD634CBBD598542B6B /* Pods-Cricbuzz_Assignment_GouravRay.release.xcconfig */;
			buildSettings = {
				ASSETCATALOG_COMPILER_APPICON_NAME = AppIcon;
				ASSETCATALOG_COMPILER_GLOBAL_ACCENT_COLOR_NAME = AccentColor;
				CODE_SIGN_STYLE = Automatic;
				CURRENT_PROJECT_VERSION = 1;
				GENERATE_INFOPLIST_FILE = YES;
				INFOPLIST_FILE = Cricbuzz_Assignment_GouravRay/Info.plist;
				INFOPLIST_KEY_CFBundleDisplayName = "Movie DB";
				INFOPLIST_KEY_UIApplicationSupportsIndirectInputEvents = YES;
				INFOPLIST_KEY_UILaunchStoryboardName = LaunchScreen;
				INFOPLIST_KEY_UIMainStoryboardFile = Main;
				INFOPLIST_KEY_UISupportedInterfaceOrientations = UIInterfaceOrientationPortrait;
				INFOPLIST_KEY_UISupportedInterfaceOrientations_iPad = "UIInterfaceOrientationLandscapeLeft UIInterfaceOrientationLandscapeRight UIInterfaceOrientationPortrait UIInterfaceOrientationPortraitUpsideDown";
				IPHONEOS_DEPLOYMENT_TARGET = 14.0;
				LD_RUNPATH_SEARCH_PATHS = (
					"$(inherited)",
					"@executable_path/Frameworks",
				);
				MARKETING_VERSION = 1.0;
				PRODUCT_BUNDLE_IDENTIFIER = "com.Cricbuzz-Assignment-GouravRay";
				PRODUCT_NAME = "$(TARGET_NAME)";
				SUPPORTED_PLATFORMS = "iphoneos iphonesimulator";
				SUPPORTS_MACCATALYST = NO;
				SUPPORTS_MAC_DESIGNED_FOR_IPHONE_IPAD = NO;
				SWIFT_EMIT_LOC_STRINGS = YES;
				SWIFT_VERSION = 5.0;
				TARGETED_DEVICE_FAMILY = 1;
			};
			name = Release;
		};
/* End XCBuildConfiguration section */

/* Begin XCConfigurationList section */
		69DBF6802A6AC6D20092E2BE /* Build configuration list for PBXProject "Cricbuzz_Assignment_GouravRay" */ = {
			isa = XCConfigurationList;
			buildConfigurations = (
				69DBF6972A6AC6D20092E2BE /* Debug */,
				69DBF6982A6AC6D20092E2BE /* Release */,
			);
			defaultConfigurationIsVisible = 0;
			defaultConfigurationName = Release;
		};
		69DBF6992A6AC6D20092E2BE /* Build configuration list for PBXNativeTarget "Cricbuzz_Assignment_GouravRay" */ = {
			isa = XCConfigurationList;
			buildConfigurations = (
				69DBF69A2A6AC6D20092E2BE /* Debug */,
				69DBF69B2A6AC6D20092E2BE /* Release */,
			);
			defaultConfigurationIsVisible = 0;
			defaultConfigurationName = Release;
		};
/* End XCConfigurationList section */
	};
	rootObject = 69DBF67D2A6AC6D20092E2BE /* Project object */;
}
